
Microsoft Visual Studio Solution File, Format Version 12.00
# Visual Studio Version 17
VisualStudioVersion = 17.9.34728.123
MinimumVisualStudioVersion = 10.0.40219.1
Project("{FAE04EC0-301F-11D3-BF4B-00C04F79EFBC}") = "TaskManager", "TaskManager\TaskManager.csproj", "{EE4D7F56-B547-46EC-8600-54A9E991FB38}"
EndProject
Global
	GlobalSection(SolutionConfigurationPlatforms) = preSolution
		Debug|Any CPU = Debug|Any CPU
		Release|Any CPU = Release|Any CPU
	EndGlobalSection
	GlobalSection(ProjectConfigurationPlatforms) = postSolution
		{EE4D7F56-B547-46EC-8600-54A9E991FB38}.Debug|Any CPU.ActiveCfg = Debug|Any CPU
		{EE4D7F56-B547-46EC-8600-54A9E991FB38}.Debug|Any CPU.Build.0 = Debug|Any CPU
		{EE4D7F56-B547-46EC-8600-54A9E991FB38}.Release|Any CPU.ActiveCfg = Release|Any CPU
		{EE4D7F56-B547-46EC-8600-54A9E991FB38}.Release|Any CPU.Build.0 = Release|Any CPU
	EndGlobalSection
	GlobalSection(SolutionProperties) = preSolution
		HideSolutionNode = FALSE
	EndGlobalSection
	GlobalSection(ExtensibilityGlobals) = postSolution
		SolutionGuid = {5B7CA8DA-7EC3-4F69-B012-F9A7984F0CA6}
	EndGlobalSection
EndGlobal
